
Microsoft Visual Studio Solution File, Format Version 12.00
# Visual Studio Version 16
VisualStudioVersion = 16.0.31229.75
MinimumVisualStudioVersion = 10.0.40219.1
Project("{FAE04EC0-301F-11D3-BF4B-00C04F79EFBC}") = "Vistas", "Vistas\Vistas.csproj", "{CC526591-BE20-46B7-AAB0-B35695EBAC49}"
EndProject
Project("{FAE04EC0-301F-11D3-BF4B-00C04F79EFBC}") = "Negocio", "Negocio\Negocio.csproj", "{20282FCB-0A2A-41AB-B1A2-298B17F780F1}"
EndProject
Project("{FAE04EC0-301F-11D3-BF4B-00C04F79EFBC}") = "Dao", "Dao\Dao.csproj", "{A4E4B6CF-F113-4E52-A2EE-7911A8A7CCC0}"
EndProject
Project("{FAE04EC0-301F-11D3-BF4B-00C04F79EFBC}") = "Entidades", "Entidades\Entidades.csproj", "{77E2503D-41C4-49B3-94D0-AD7C22C23A91}"
EndProject
Global
	GlobalSection(SolutionConfigurationPlatforms) = preSolution
		Debug|Any CPU = Debug|Any CPU
		Release|Any CPU = Release|Any CPU
	EndGlobalSection
	GlobalSection(ProjectConfigurationPlatforms) = postSolution
		{CC526591-BE20-46B7-AAB0-B35695EBAC49}.Debug|Any CPU.ActiveCfg = Debug|Any CPU
		{CC526591-BE20-46B7-AAB0-B35695EBAC49}.Debug|Any CPU.Build.0 = Debug|Any CPU
		{CC526591-BE20-46B7-AAB0-B35695EBAC49}.Release|Any CPU.ActiveCfg = Release|Any CPU
		{CC526591-BE20-46B7-AAB0-B35695EBAC49}.Release|Any CPU.Build.0 = Release|Any CPU
		{20282FCB-0A2A-41AB-B1A2-298B17F780F1}.Debug|Any CPU.ActiveCfg = Debug|Any CPU
		{20282FCB-0A2A-41AB-B1A2-298B17F780F1}.Debug|Any CPU.Build.0 = Debug|Any CPU
		{20282FCB-0A2A-41AB-B1A2-298B17F780F1}.Release|Any CPU.ActiveCfg = Release|Any CPU
		{20282FCB-0A2A-41AB-B1A2-298B17F780F1}.Release|Any CPU.Build.0 = Release|Any CPU
		{A4E4B6CF-F113-4E52-A2EE-7911A8A7CCC0}.Debug|Any CPU.ActiveCfg = Debug|Any CPU
		{A4E4B6CF-F113-4E52-A2EE-7911A8A7CCC0}.Debug|Any CPU.Build.0 = Debug|Any CPU
		{A4E4B6CF-F113-4E52-A2EE-7911A8A7CCC0}.Release|Any CPU.ActiveCfg = Release|Any CPU
		{A4E4B6CF-F113-4E52-A2EE-7911A8A7CCC0}.Release|Any CPU.Build.0 = Release|Any CPU
		{77E2503D-41C4-49B3-94D0-AD7C22C23A91}.Debug|Any CPU.ActiveCfg = Debug|Any CPU
		{77E2503D-41C4-49B3-94D0-AD7C22C23A91}.Debug|Any CPU.Build.0 = Debug|Any CPU
		{77E2503D-41C4-49B3-94D0-AD7C22C23A91}.Release|Any CPU.ActiveCfg = Release|Any CPU
		{77E2503D-41C4-49B3-94D0-AD7C22C23A91}.Release|Any CPU.Build.0 = Release|Any CPU
	EndGlobalSection
	GlobalSection(SolutionProperties) = preSolution
		HideSolutionNode = FALSE
	EndGlobalSection
	GlobalSection(ExtensibilityGlobals) = postSolution
		SolutionGuid = {8882CF4E-5BCA-4B08-9A0B-EA9A349AA80D}
	EndGlobalSection
EndGlobal
